
Microsoft Visual Studio Solution File, Format Version 11.00
# Visual Studio 2010
Project("{FAE04EC0-301F-11D3-BF4B-00C04F79EFBC}") = "Assembly-CSharp", "Assembly-CSharp.csproj", "{48A5CFD8-0431-58FD-C317-E7E009D41908}"
EndProject
Project("{FAE04EC0-301F-11D3-BF4B-00C04F79EFBC}") = "Assembly-CSharp-Editor", "Assembly-CSharp-Editor.csproj", "{98B4C928-C304-6998-44F3-D600891F1A95}"
EndProject
Global
	GlobalSection(SolutionConfigurationPlatforms) = preSolution
		Debug|Any CPU = Debug|Any CPU
		Release|Any CPU = Release|Any CPU
	EndGlobalSection
	GlobalSection(ProjectConfigurationPlatforms) = postSolution
		{48A5CFD8-0431-58FD-C317-E7E009D41908}.Debug|Any CPU.ActiveCfg = Debug|Any CPU
		{48A5CFD8-0431-58FD-C317-E7E009D41908}.Debug|Any CPU.Build.0 = Debug|Any CPU
		{48A5CFD8-0431-58FD-C317-E7E009D41908}.Release|Any CPU.ActiveCfg = Release|Any CPU
		{48A5CFD8-0431-58FD-C317-E7E009D41908}.Release|Any CPU.Build.0 = Release|Any CPU
		{98B4C928-C304-6998-44F3-D600891F1A95}.Debug|Any CPU.ActiveCfg = Debug|Any CPU
		{98B4C928-C304-6998-44F3-D600891F1A95}.Debug|Any CPU.Build.0 = Debug|Any CPU
		{98B4C928-C304-6998-44F3-D600891F1A95}.Release|Any CPU.ActiveCfg = Release|Any CPU
		{98B4C928-C304-6998-44F3-D600891F1A95}.Release|Any CPU.Build.0 = Release|Any CPU
	EndGlobalSection
	GlobalSection(SolutionProperties) = preSolution
		HideSolutionNode = FALSE
	EndGlobalSection
	GlobalSection(MonoDevelopProperties) = preSolution
		StartupItem = Assembly-CSharp.csproj
	EndGlobalSection
EndGlobal
