
Microsoft Visual Studio Solution File, Format Version 11.00
# Visual Studio 2010
Project("{FAE04EC0-301F-11D3-BF4B-00C04F79EFBC}") = "Assembly-CSharp", "Assembly-CSharp.csproj", "{FCF9A169-3C8E-5B18-0508-9C1EEBD13D8C}"
EndProject
Project("{FAE04EC0-301F-11D3-BF4B-00C04F79EFBC}") = "Assembly-CSharp-Editor", "Assembly-CSharp-Editor.csproj", "{D77B32CA-CD52-805E-827F-AD0F4CE8D75A}"
EndProject
Global
	GlobalSection(SolutionConfigurationPlatforms) = preSolution
		Debug|Any CPU = Debug|Any CPU
		Release|Any CPU = Release|Any CPU
	EndGlobalSection
	GlobalSection(ProjectConfigurationPlatforms) = postSolution
		{FCF9A169-3C8E-5B18-0508-9C1EEBD13D8C}.Debug|Any CPU.ActiveCfg = Debug|Any CPU
		{FCF9A169-3C8E-5B18-0508-9C1EEBD13D8C}.Debug|Any CPU.Build.0 = Debug|Any CPU
		{FCF9A169-3C8E-5B18-0508-9C1EEBD13D8C}.Release|Any CPU.ActiveCfg = Release|Any CPU
		{FCF9A169-3C8E-5B18-0508-9C1EEBD13D8C}.Release|Any CPU.Build.0 = Release|Any CPU
		{D77B32CA-CD52-805E-827F-AD0F4CE8D75A}.Debug|Any CPU.ActiveCfg = Debug|Any CPU
		{D77B32CA-CD52-805E-827F-AD0F4CE8D75A}.Debug|Any CPU.Build.0 = Debug|Any CPU
		{D77B32CA-CD52-805E-827F-AD0F4CE8D75A}.Release|Any CPU.ActiveCfg = Release|Any CPU
		{D77B32CA-CD52-805E-827F-AD0F4CE8D75A}.Release|Any CPU.Build.0 = Release|Any CPU
	EndGlobalSection
	GlobalSection(SolutionProperties) = preSolution
		HideSolutionNode = FALSE
	EndGlobalSection
	GlobalSection(MonoDevelopProperties) = preSolution
		StartupItem = Assembly-CSharp.csproj
	EndGlobalSection
EndGlobal
